// !$*UTF8*$!
{
	archiveVersion = 1;
	classes = {
	};
	objectVersion = 56;
	objects = {

/* Begin PBXBuildFile section */
		831264CF2941FD13004917F7 /* Player.swift in Sources */ = {isa = PBXBuildFile; fileRef = 831264CE2941FD13004917F7 /* Player.swift */; };
		831264D12941FEAD004917F7 /* GameManager.swift in Sources */ = {isa = PBXBuildFile; fileRef = 831264D02941FEAD004917F7 /* GameManager.swift */; };
		838C604C293FC93A00D87B32 /* AppDelegate.swift in Sources */ = {isa = PBXBuildFile; fileRef = 838C604B293FC93A00D87B32 /* AppDelegate.swift */; };
		838C604E293FC93A00D87B32 /* GameScene.sks in Resources */ = {isa = PBXBuildFile; fileRef = 838C604D293FC93A00D87B32 /* GameScene.sks */; };
		838C6050293FC93A00D87B32 /* Actions.sks in Resources */ = {isa = PBXBuildFile; fileRef = 838C604F293FC93A00D87B32 /* Actions.sks */; };
		838C6052293FC93A00D87B32 /* GameScene.swift in Sources */ = {isa = PBXBuildFile; fileRef = 838C6051293FC93A00D87B32 /* GameScene.swift */; };
		838C6054293FC93A00D87B32 /* GameViewController.swift in Sources */ = {isa = PBXBuildFile; fileRef = 838C6053293FC93A00D87B32 /* GameViewController.swift */; };
		838C6057293FC93A00D87B32 /* Main.storyboard in Resources */ = {isa = PBXBuildFile; fileRef = 838C6055293FC93A00D87B32 /* Main.storyboard */; };
		838C6059293FC93B00D87B32 /* Assets.xcassets in Resources */ = {isa = PBXBuildFile; fileRef = 838C6058293FC93B00D87B32 /* Assets.xcassets */; };
		838C605C293FC93B00D87B32 /* LaunchScreen.storyboard in Resources */ = {isa = PBXBuildFile; fileRef = 838C605A293FC93B00D87B32 /* LaunchScreen.storyboard */; };
/* End PBXBuildFile section */

/* Begin PBXFileReference section */
		831264CE2941FD13004917F7 /* Player.swift */ = {isa = PBXFileReference; lastKnownFileType = sourcecode.swift; path = Player.swift; sourceTree = "<group>"; };
		831264D02941FEAD004917F7 /* GameManager.swift */ = {isa = PBXFileReference; lastKnownFileType = sourcecode.swift; path = GameManager.swift; sourceTree = "<group>"; };
		838C6048293FC93A00D87B32 /* Cuphella.app */ = {isa = PBXFileReference; explicitFileType = wrapper.application; includeInIndex = 0; path = Cuphella.app; sourceTree = BUILT_PRODUCTS_DIR; };
		838C604B293FC93A00D87B32 /* AppDelegate.swift */ = {isa = PBXFileReference; lastKnownFileType = sourcecode.swift; path = AppDelegate.swift; sourceTree = "<group>"; };
		838C604D293FC93A00D87B32 /* GameScene.sks */ = {isa = PBXFileReference; lastKnownFileType = file.sks; path = GameScene.sks; sourceTree = "<group>"; };
		838C604F293FC93A00D87B32 /* Actions.sks */ = {isa = PBXFileReference; lastKnownFileType = file.sks; path = Actions.sks; sourceTree = "<group>"; };
		838C6051293FC93A00D87B32 /* GameScene.swift */ = {isa = PBXFileReference; lastKnownFileType = sourcecode.swift; path = GameScene.swift; sourceTree = "<group>"; };
		838C6053293FC93A00D87B32 /* GameViewController.swift */ = {isa = PBXFileReference; lastKnownFileType = sourcecode.swift; path = GameViewController.swift; sourceTree = "<group>"; };
		838C6056293FC93A00D87B32 /* Base */ = {isa = PBXFileReference; lastKnownFileType = file.storyboard; name = Base; path = Base.lproj/Main.storyboard; sourceTree = "<group>"; };
		838C6058293FC93B00D87B32 /* Assets.xcassets */ = {isa = PBXFileReference; lastKnownFileType = folder.assetcatalog; path = Assets.xcassets; sourceTree = "<group>"; };
		838C605B293FC93B00D87B32 /* Base */ = {isa = PBXFileReference; lastKnownFileType = file.storyboard; name = Base; path = Base.lproj/LaunchScreen.storyboard; sourceTree = "<group>"; };
/* End PBXFileReference section */

/* Begin PBXFrameworksBuildPhase section */
		838C6045293FC93A00D87B32 /* Frameworks */ = {
			isa = PBXFrameworksBuildPhase;
			buildActionMask = 2147483647;
			files = (
			);
			runOnlyForDeploymentPostprocessing = 0;
		};
/* End PBXFrameworksBuildPhase section */

/* Begin PBXGroup section */
		838C603F293FC93A00D87B32 = {
			isa = PBXGroup;
			children = (
				838C604A293FC93A00D87B32 /* Cuphella */,
				838C6049293FC93A00D87B32 /* Products */,
			);
			sourceTree = "<group>";
		};
		838C6049293FC93A00D87B32 /* Products */ = {
			isa = PBXGroup;
			children = (
				838C6048293FC93A00D87B32 /* Cuphella.app */,
			);
			name = Products;
			sourceTree = "<group>";
		};
		838C604A293FC93A00D87B32 /* Cuphella */ = {
			isa = PBXGroup;
			children = (
				838C604B293FC93A00D87B32 /* AppDelegate.swift */,
				838C604D293FC93A00D87B32 /* GameScene.sks */,
				838C604F293FC93A00D87B32 /* Actions.sks */,
				838C6051293FC93A00D87B32 /* GameScene.swift */,
				838C6053293FC93A00D87B32 /* GameViewController.swift */,
				838C6055293FC93A00D87B32 /* Main.storyboard */,
				838C6058293FC93B00D87B32 /* Assets.xcassets */,
				838C605A293FC93B00D87B32 /* LaunchScreen.storyboard */,
				831264CE2941FD13004917F7 /* Player.swift */,
				831264D02941FEAD004917F7 /* GameManager.swift */,
			);
			path = Cuphella;
			sourceTree = "<group>";
		};
/* End PBXGroup section */

/* Begin PBXNativeTarget section */
		838C6047293FC93A00D87B32 /* Cuphella */ = {
			isa = PBXNativeTarget;
			buildConfigurationList = 838C605F293FC93B00D87B32 /* Build configuration list for PBXNativeTarget "Cuphella" */;
			buildPhases = (
				838C6044293FC93A00D87B32 /* Sources */,
				838C6045293FC93A00D87B32 /* Frameworks */,
				838C6046293FC93A00D87B32 /* Resources */,
			);
			buildRules = (
			);
			dependencies = (
			);
			name = Cuphella;
			productName = Cuphella;
			productReference = 838C6048293FC93A00D87B32 /* Cuphella.app */;
			productType = "com.apple.product-type.application";
		};
/* End PBXNativeTarget section */

/* Begin PBXProject section */
		838C6040293FC93A00D87B32 /* Project object */ = {
			isa = PBXProject;
			attributes = {
				BuildIndependentTargetsInParallel = 1;
				LastSwiftUpdateCheck = 1410;
				LastUpgradeCheck = 1410;
				TargetAttributes = {
					838C6047293FC93A00D87B32 = {
						CreatedOnToolsVersion = 14.1;
					};
				};
			};
			buildConfigurationList = 838C6043293FC93A00D87B32 /* Build configuration list for PBXProject "Cuphella" */;
			compatibilityVersion = "Xcode 14.0";
			developmentRegion = en;
			hasScannedForEncodings = 0;
			knownRegions = (
				en,
				Base,
			);
			mainGroup = 838C603F293FC93A00D87B32;
			productRefGroup = 838C6049293FC93A00D87B32 /* Products */;
			projectDirPath = "";
			projectRoot = "";
			targets = (
				838C6047293FC93A00D87B32 /* Cuphella */,
			);
		};
/* End PBXProject section */

/* Begin PBXResourcesBuildPhase section */
		838C6046293FC93A00D87B32 /* Resources */ = {
			isa = PBXResourcesBuildPhase;
			buildActionMask = 2147483647;
			files = (
				838C6057293FC93A00D87B32 /* Main.storyboard in Resources */,
				838C604E293FC93A00D87B32 /* GameScene.sks in Resources */,
				838C6059293FC93B00D87B32 /* Assets.xcassets in Resources */,
				838C605C293FC93B00D87B32 /* LaunchScreen.storyboard in Resources */,
				838C6050293FC93A00D87B32 /* Actions.sks in Resources */,
			);
			runOnlyForDeploymentPostprocessing = 0;
		};
/* End PBXResourcesBuildPhase section */

/* Begin PBXSourcesBuildPhase section */
		838C6044293FC93A00D87B32 /* Sources */ = {
			isa = PBXSourcesBuildPhase;
			buildActionMask = 2147483647;
			files = (
				831264CF2941FD13004917F7 /* Player.swift in Sources */,
				838C6052293FC93A00D87B32 /* GameScene.swift in Sources */,
				838C6054293FC93A00D87B32 /* GameViewController.swift in Sources */,
				838C604C293FC93A00D87B32 /* AppDelegate.swift in Sources */,
				831264D12941FEAD004917F7 /* GameManager.swift in Sources */,
			);
			runOnlyForDeploymentPostprocessing = 0;
		};
/* End PBXSourcesBuildPhase section */

/* Begin PBXVariantGroup section */
		838C6055293FC93A00D87B32 /* Main.storyboard */ = {
			isa = PBXVariantGroup;
			children = (
				838C6056293FC93A00D87B32 /* Base */,
			);
			name = Main.storyboard;
			sourceTree = "<group>";
		};
		838C605A293FC93B00D87B32 /* LaunchScreen.storyboard */ = {
			isa = PBXVariantGroup;
			children = (
				838C605B293FC93B00D87B32 /* Base */,
			);
			name = LaunchScreen.storyboard;
			sourceTree = "<group>";
		};
/* End PBXVariantGroup section */

/* Begin XCBuildConfiguration section */
		838C605D293FC93B00D87B32 /* Debug */ = {
			isa = XCBuildConfiguration;
			buildSettings = {
				ALWAYS_SEARCH_USER_PATHS = NO;
				CLANG_ANALYZER_NONNULL = YES;
				CLANG_ANALYZER_NUMBER_OBJECT_CONVERSION = YES_AGGRESSIVE;
				CLANG_CXX_LANGUAGE_STANDARD = "gnu++20";
				CLANG_ENABLE_MODULES = YES;
				CLANG_ENABLE_OBJC_ARC = YES;
				CLANG_ENABLE_OBJC_WEAK = YES;
				CLANG_WARN_BLOCK_CAPTURE_AUTORELEASING = YES;
				CLANG_WARN_BOOL_CONVERSION = YES;
				CLANG_WARN_COMMA = YES;
				CLANG_WARN_CONSTANT_CONVERSION = YES;
				CLANG_WARN_DEPRECATED_OBJC_IMPLEMENTATIONS = YES;
				CLANG_WARN_DIRECT_OBJC_ISA_USAGE = YES_ERROR;
				CLANG_WARN_DOCUMENTATION_COMMENTS = YES;
				CLANG_WARN_EMPTY_BODY = YES;
				CLANG_WARN_ENUM_CONVERSION = YES;
				CLANG_WARN_INFINITE_RECURSION = YES;
				CLANG_WARN_INT_CONVERSION = YES;
				CLANG_WARN_NON_LITERAL_NULL_CONVERSION = YES;
				CLANG_WARN_OBJC_IMPLICIT_RETAIN_SELF = YES;
				CLANG_WARN_OBJC_LITERAL_CONVERSION = YES;
				CLANG_WARN_OBJC_ROOT_CLASS = YES_ERROR;
				CLANG_WARN_QUOTED_INCLUDE_IN_FRAMEWORK_HEADER = YES;
				CLANG_WARN_RANGE_LOOP_ANALYSIS = YES;
				CLANG_WARN_STRICT_PROTOTYPES = YES;
				CLANG_WARN_SUSPICIOUS_MOVE = YES;
				CLANG_WARN_UNGUARDED_AVAILABILITY = YES_AGGRESSIVE;
				CLANG_WARN_UNREACHABLE_CODE = YES;
				CLANG_WARN__DUPLICATE_METHOD_MATCH = YES;
				COPY_PHASE_STRIP = NO;
				DEBUG_INFORMATION_FORMAT = dwarf;
				ENABLE_STRICT_OBJC_MSGSEND = YES;
				ENABLE_TESTABILITY = YES;
				GCC_C_LANGUAGE_STANDARD = gnu11;
				GCC_DYNAMIC_NO_PIC = NO;
				GCC_NO_COMMON_BLOCKS = YES;
				GCC_OPTIMIZATION_LEVEL = 0;
				GCC_PREPROCESSOR_DEFINITIONS = (
					"DEBUG=1",
					"$(inherited)",
				);
				GCC_WARN_64_TO_32_BIT_CONVERSION = YES;
				GCC_WARN_ABOUT_RETURN_TYPE = YES_ERROR;
				GCC_WARN_UNDECLARED_SELECTOR = YES;
				GCC_WARN_UNINITIALIZED_AUTOS = YES_AGGRESSIVE;
				GCC_WARN_UNUSED_FUNCTION = YES;
				GCC_WARN_UNUSED_VARIABLE = YES;
				IPHONEOS_DEPLOYMENT_TARGET = 16.1;
				MTL_ENABLE_DEBUG_INFO = INCLUDE_SOURCE;
				MTL_FAST_MATH = YES;
				ONLY_ACTIVE_ARCH = YES;
				SDKROOT = iphoneos;
				SWIFT_ACTIVE_COMPILATION_CONDITIONS = DEBUG;
				SWIFT_OPTIMIZATION_LEVEL = "-Onone";
			};
			name = Debug;
		};
		838C605E293FC93B00D87B32 /* Release */ = {
			isa = XCBuildConfiguration;
			buildSettings = {
				ALWAYS_SEARCH_USER_PATHS = NO;
				CLANG_ANALYZER_NONNULL = YES;
				CLANG_ANALYZER_NUMBER_OBJECT_CONVERSION = YES_AGGRESSIVE;
				CLANG_CXX_LANGUAGE_STANDARD = "gnu++20";
				CLANG_ENABLE_MODULES = YES;
				CLANG_ENABLE_OBJC_ARC = YES;
				CLANG_ENABLE_OBJC_WEAK = YES;
				CLANG_WARN_BLOCK_CAPTURE_AUTORELEASING = YES;
				CLANG_WARN_BOOL_CONVERSION = YES;
				CLANG_WARN_COMMA = YES;
				CLANG_WARN_CONSTANT_CONVERSION = YES;
				CLANG_WARN_DEPRECATED_OBJC_IMPLEMENTATIONS = YES;
				CLANG_WARN_DIRECT_OBJC_ISA_USAGE = YES_ERROR;
				CLANG_WARN_DOCUMENTATION_COMMENTS = YES;
				CLANG_WARN_EMPTY_BODY = YES;
				CLANG_WARN_ENUM_CONVERSION = YES;
				CLANG_WARN_INFINITE_RECURSION = YES;
				CLANG_WARN_INT_CONVERSION = YES;
				CLANG_WARN_NON_LITERAL_NULL_CONVERSION = YES;
				CLANG_WARN_OBJC_IMPLICIT_RETAIN_SELF = YES;
				CLANG_WARN_OBJC_LITERAL_CONVERSION = YES;
				CLANG_WARN_OBJC_ROOT_CLASS = YES_ERROR;
				CLANG_WARN_QUOTED_INCLUDE_IN_FRAMEWORK_HEADER = YES;
				CLANG_WARN_RANGE_LOOP_ANALYSIS = YES;
				CLANG_WARN_STRICT_PROTOTYPES = YES;
				CLANG_WARN_SUSPICIOUS_MOVE = YES;
				CLANG_WARN_UNGUARDED_AVAILABILITY = YES_AGGRESSIVE;
				CLANG_WARN_UNREACHABLE_CODE = YES;
				CLANG_WARN__DUPLICATE_METHOD_MATCH = YES;
				COPY_PHASE_STRIP = NO;
				DEBUG_INFORMATION_FORMAT = "dwarf-with-dsym";
				ENABLE_NS_ASSERTIONS = NO;
				ENABLE_STRICT_OBJC_MSGSEND = YES;
				GCC_C_LANGUAGE_STANDARD = gnu11;
				GCC_NO_COMMON_BLOCKS = YES;
				GCC_WARN_64_TO_32_BIT_CONVERSION = YES;
				GCC_WARN_ABOUT_RETURN_TYPE = YES_ERROR;
				GCC_WARN_UNDECLARED_SELECTOR = YES;
				GCC_WARN_UNINITIALIZED_AUTOS = YES_AGGRESSIVE;
				GCC_WARN_UNUSED_FUNCTION = YES;
				GCC_WARN_UNUSED_VARIABLE = YES;
				IPHONEOS_DEPLOYMENT_TARGET = 16.1;
				MTL_ENABLE_DEBUG_INFO = NO;
				MTL_FAST_MATH = YES;
				SDKROOT = iphoneos;
				SWIFT_COMPILATION_MODE = wholemodule;
				SWIFT_OPTIMIZATION_LEVEL = "-O";
				VALIDATE_PRODUCT = YES;
			};
			name = Release;
		};
		838C6060293FC93B00D87B32 /* Debug */ = {
			isa = XCBuildConfiguration;
			buildSettings = {
				ASSETCATALOG_COMPILER_APPICON_NAME = AppIcon;
				ASSETCATALOG_COMPILER_GLOBAL_ACCENT_COLOR_NAME = AccentColor;
				CODE_SIGN_STYLE = Automatic;
				CURRENT_PROJECT_VERSION = 1;
				DEVELOPMENT_TEAM = W76A7456VL;
				GENERATE_INFOPLIST_FILE = YES;
				INFOPLIST_KEY_UIApplicationSupportsIndirectInputEvents = YES;
				INFOPLIST_KEY_UILaunchStoryboardName = LaunchScreen;
				INFOPLIST_KEY_UIMainStoryboardFile = Main;
				INFOPLIST_KEY_UIStatusBarHidden = YES;
				INFOPLIST_KEY_UISupportedInterfaceOrientations_iPad = "UIInterfaceOrientationPortrait UIInterfaceOrientationPortraitUpsideDown UIInterfaceOrientationLandscapeLeft UIInterfaceOrientationLandscapeRight";
				INFOPLIST_KEY_UISupportedInterfaceOrientations_iPhone = "UIInterfaceOrientationPortrait UIInterfaceOrientationLandscapeLeft UIInterfaceOrientationLandscapeRight";
				LD_RUNPATH_SEARCH_PATHS = (
					"$(inherited)",
					"@executable_path/Frameworks",
				);
				MARKETING_VERSION = 1.0;
				PRODUCT_BUNDLE_IDENTIFIER = Test.Cuphella;
				PRODUCT_NAME = "$(TARGET_NAME)";
				SWIFT_EMIT_LOC_STRINGS = YES;
				SWIFT_VERSION = 5.0;
				TARGETED_DEVICE_FAMILY = "1,2";
			};
			name = Debug;
		};
		838C6061293FC93B00D87B32 /* Release */ = {
			isa = XCBuildConfiguration;
			buildSettings = {
				ASSETCATALOG_COMPILER_APPICON_NAME = AppIcon;
				ASSETCATALOG_COMPILER_GLOBAL_ACCENT_COLOR_NAME = AccentColor;
				CODE_SIGN_STYLE = Automatic;
				CURRENT_PROJECT_VERSION = 1;
				DEVELOPMENT_TEAM = W76A7456VL;
				GENERATE_INFOPLIST_FILE = YES;
				INFOPLIST_KEY_UIApplicationSupportsIndirectInputEvents = YES;
				INFOPLIST_KEY_UILaunchStoryboardName = LaunchScreen;
				INFOPLIST_KEY_UIMainStoryboardFile = Main;
				INFOPLIST_KEY_UIStatusBarHidden = YES;
				INFOPLIST_KEY_UISupportedInterfaceOrientations_iPad = "UIInterfaceOrientationPortrait UIInterfaceOrientationPortraitUpsideDown UIInterfaceOrientationLandscapeLeft UIInterfaceOrientationLandscapeRight";
				INFOPLIST_KEY_UISupportedInterfaceOrientations_iPhone = "UIInterfaceOrientationPortrait UIInterfaceOrientationLandscapeLeft UIInterfaceOrientationLandscapeRight";
				LD_RUNPATH_SEARCH_PATHS = (
					"$(inherited)",
					"@executable_path/Frameworks",
				);
				MARKETING_VERSION = 1.0;
				PRODUCT_BUNDLE_IDENTIFIER = Test.Cuphella;
				PRODUCT_NAME = "$(TARGET_NAME)";
				SWIFT_EMIT_LOC_STRINGS = YES;
				SWIFT_VERSION = 5.0;
				TARGETED_DEVICE_FAMILY = "1,2";
			};
			name = Release;
		};
/* End XCBuildConfiguration section */

/* Begin XCConfigurationList section */
		838C6043293FC93A00D87B32 /* Build configuration list for PBXProject "Cuphella" */ = {
			isa = XCConfigurationList;
			buildConfigurations = (
				838C605D293FC93B00D87B32 /* Debug */,
				838C605E293FC93B00D87B32 /* Release */,
			);
			defaultConfigurationIsVisible = 0;
			defaultConfigurationName = Release;
		};
		838C605F293FC93B00D87B32 /* Build configuration list for PBXNativeTarget "Cuphella" */ = {
			isa = XCConfigurationList;
			buildConfigurations = (
				838C6060293FC93B00D87B32 /* Debug */,
				838C6061293FC93B00D87B32 /* Release */,
			);
			defaultConfigurationIsVisible = 0;
			defaultConfigurationName = Release;
		};
/* End XCConfigurationList section */
	};
	rootObject = 838C6040293FC93A00D87B32 /* Project object */;
}
